// !$*UTF8*$!
{
	archiveVersion = 1;
	classes = {
	};
	objectVersion = 38;
	objects = {
		0249A665FF388DC511CA2CEA = {
			isa = PBXApplicationReference;
			path = pyddr.app;
			refType = 3;
		};
		0249A669FF388E3911CA2CEA = {
			isa = PBXFileReference;
			name = "libstdc++.a";
			path = "/usr/lib/libstdc++.a";
			refType = 0;
		};
		0249A66AFF388E3911CA2CEA = {
			fileRef = 0249A669FF388E3911CA2CEA;
			isa = PBXBuildFile;
			settings = {
			};
		};
//020
//021
//022
//023
//024
//040
//041
//042
//043
//044
		04313892FE3035C9C02AAC07 = {
			buildActionMask = 2147483647;
			files = (
			);
			isa = PBXRezBuildPhase;
			runOnlyForDeploymentPostprocessing = 0;
		};
//040
//041
//042
//043
//044
//050
//051
//052
//053
//054
		05952DFCFFF02D1B11CA0E50 = {
			buildRules = (
			);
			buildSettings = {
				COPY_PHASE_STRIP = NO;
				OPTIMIZATION_CFLAGS = "-O0";
			};
			isa = PBXBuildStyle;
			name = Development;
		};
		05952DFDFFF02D1B11CA0E50 = {
			buildRules = (
			);
			buildSettings = {
				COPY_PHASE_STRIP = YES;
			};
			isa = PBXBuildStyle;
			name = Deployment;
		};
//050
//051
//052
//053
//054
//060
//061
//062
//063
//064
		0640BAA4FFF0323A11CA0E50 = {
			isa = PBXFrameworkReference;
			name = ApplicationServices.framework;
			path = /System/Library/Frameworks/ApplicationServices.framework;
			refType = 0;
		};
		0640BAA5FFF0323A11CA0E50 = {
			isa = PBXFrameworkReference;
			name = CoreServices.framework;
			path = /System/Library/Frameworks/CoreServices.framework;
			refType = 0;
		};
//060
//061
//062
//063
//064
//080
//081
//082
//083
//084
		0867D6AAFE840B52C02AAC07 = {
			children = (
				0867D6ABFE840B52C02AAC07,
			);
			isa = PBXVariantGroup;
			name = InfoPlist.strings;
			refType = 4;
		};
		0867D6ABFE840B52C02AAC07 = {
			fileEncoding = 10;
			isa = PBXFileReference;
			name = English;
			path = English.lproj/InfoPlist.strings;
			refType = 4;
		};
		0867D6ACFE840B52C02AAC07 = {
			fileRef = 0867D6AAFE840B52C02AAC07;
			isa = PBXBuildFile;
			settings = {
			};
		};
//080
//081
//082
//083
//084
//190
//191
//192
//193
//194
		195DF8C9FE9D4F0611CA2CBB = {
			children = (
				0249A665FF388DC511CA2CEA,
			);
			isa = PBXGroup;
			name = Products;
			refType = 4;
		};
//190
//191
//192
//193
//194
//200
//201
//202
//203
//204
		20286C28FDCF999611CA2CEA = {
			buildStyles = (
				05952DFCFFF02D1B11CA0E50,
				05952DFDFFF02D1B11CA0E50,
			);
			hasScannedForEncodings = 1;
			isa = PBXProject;
			mainGroup = 20286C29FDCF999611CA2CEA;
			projectDirPath = "";
			targets = (
				20286C34FDCF999611CA2CEA,
			);
		};
		20286C29FDCF999611CA2CEA = {
			children = (
				20286C2AFDCF999611CA2CEA,
				20286C2CFDCF999611CA2CEA,
				20286C32FDCF999611CA2CEA,
				195DF8C9FE9D4F0611CA2CBB,
			);
			isa = PBXGroup;
			name = "¬´PROJECTNAME¬ª";
			path = "";
			refType = 4;
		};
		20286C2AFDCF999611CA2CEA = {
			children = (
				32BAE0B00371A5F400C91783,
				20286C2BFDCF999611CA2CEA,
			);
			isa = PBXGroup;
			name = Sources;
			path = "";
			refType = 4;
		};
		20286C2BFDCF999611CA2CEA = {
			fileEncoding = 30;
			isa = PBXFileReference;
			path = main.c;
			refType = 4;
		};
		20286C2CFDCF999611CA2CEA = {
			children = (
				F49A1FA90431133300A5A4C8,
				0867D6AAFE840B52C02AAC07,
			);
			isa = PBXGroup;
			name = Resources;
			path = "";
			refType = 4;
		};
		20286C32FDCF999611CA2CEA = {
			children = (
				20286C33FDCF999611CA2CEA,
				0249A669FF388E3911CA2CEA,
				0640BAA4FFF0323A11CA0E50,
				0640BAA5FFF0323A11CA0E50,
			);
			isa = PBXGroup;
			name = "External Frameworks and Libraries";
			path = "";
			refType = 4;
		};
		20286C33FDCF999611CA2CEA = {
			isa = PBXFrameworkReference;
			name = Carbon.framework;
			path = /System/Library/Frameworks/Carbon.framework;
			refType = 0;
		};
		20286C34FDCF999611CA2CEA = {
			buildPhases = (
				20286C35FDCF999611CA2CEA,
				20286C36FDCF999611CA2CEA,
				20286C38FDCF999611CA2CEA,
				20286C3BFDCF999611CA2CEA,
				04313892FE3035C9C02AAC07,
			);
			buildSettings = {
				FRAMEWORK_SEARCH_PATHS = "";
				HEADER_SEARCH_PATHS = "";
				INSTALL_PATH = "$(HOME)/Applications";
				LIBRARY_SEARCH_PATHS = "";
				OTHER_CFLAGS = "";
				OTHER_LDFLAGS = "";
				OTHER_REZFLAGS = "";
				PRECOMPILE_PREFIX_HEADER = YES;
				PREFIX_HEADER = pyddr_Prefix.h;
				PRODUCT_NAME = pyddr;
				SECTORDER_FLAGS = "";
				WARNING_CFLAGS = "-Wmost -Wno-four-char-constants -Wno-unknown-pragmas";
				WRAPPER_EXTENSION = app;
			};
			dependencies = (
			);
			isa = PBXApplicationTarget;
			name = pyddr;
			productInstallPath = "$(HOME)/Applications";
			productName = "¬´PROJECTNAME¬ª";
			productReference = 0249A665FF388DC511CA2CEA;
			productSettingsXML = "<?xml version=\"1.0\" encoding=\"UTF-8\"?>
<!DOCTYPE plist PUBLIC \"-//Apple Computer//DTD PLIST 1.0//EN\" \"http://www.apple.com/DTDs/PropertyList-1.0.dtd\">
<plist version=\"1.0\">
<dict>
	<key>CFBundleDevelopmentRegion</key>
	<string>English</string>
	<key>CFBundleExecutable</key>
	<string>pyddr</string>
	<key>CFBundleIconFile</key>
	<string></string>
	<key>CFBundleInfoDictionaryVersion</key>
	<string>6.0</string>
	<key>CFBundlePackageType</key>
	<string>APPL</string>
	<key>CFBundleSignature</key>
	<string>????</string>
	<key>CFBundleVersion</key>
	<string>0.1</string>
	<key>CSResourcesFileMapped</key>
	<true/>
</dict>
</plist>
";
		};
		20286C35FDCF999611CA2CEA = {
			buildActionMask = 2147483647;
			files = (
				32BAE0B10371A5F400C91783,
			);
			isa = PBXHeadersBuildPhase;
			runOnlyForDeploymentPostprocessing = 0;
		};
		20286C36FDCF999611CA2CEA = {
			buildActionMask = 2147483647;
			files = (
				0867D6ACFE840B52C02AAC07,
				F4BEABAC044252C500A5A4C8,
				F4BEABAD044252C500A5A4C8,
				F4BEABAE044252C500A5A4C8,
				F4BEABAF044252C500A5A4C8,
				F4BEABB0044252C500A5A4C8,
				F4BEABB1044252C500A5A4C8,
				F4BEABB2044252C500A5A4C8,
				F4BEABB3044252C500A5A4C8,
				F4BEABB4044252C500A5A4C8,
				F4BEABB5044252C500A5A4C8,
				F4BEABB6044252C500A5A4C8,
				F4BEABB7044252C500A5A4C8,
				F4BEABB8044252C500A5A4C8,
				F4BEABB9044252C500A5A4C8,
				F4BEABBA044252C500A5A4C8,
				F4BEABBB044252C500A5A4C8,
				F4BEABBC044252C500A5A4C8,
				F4BEABBD044252C500A5A4C8,
				F4BEABBE044252C500A5A4C8,
				F4BEABBF044252C500A5A4C8,
				F4BEABC0044252C500A5A4C8,
				F4BEABC1044252C500A5A4C8,
				F4BEABC2044252C500A5A4C8,
				F4BEABC3044252C500A5A4C8,
				F4BEABC4044252C500A5A4C8,
				F4BEABC5044252C500A5A4C8,
			);
			isa = PBXResourcesBuildPhase;
			runOnlyForDeploymentPostprocessing = 0;
		};
		20286C38FDCF999611CA2CEA = {
			buildActionMask = 2147483647;
			files = (
				20286C39FDCF999611CA2CEA,
			);
			isa = PBXSourcesBuildPhase;
			runOnlyForDeploymentPostprocessing = 0;
		};
		20286C39FDCF999611CA2CEA = {
			fileRef = 20286C2BFDCF999611CA2CEA;
			isa = PBXBuildFile;
			settings = {
				ATTRIBUTES = (
				);
			};
		};
		20286C3BFDCF999611CA2CEA = {
			buildActionMask = 2147483647;
			files = (
				20286C3CFDCF999611CA2CEA,
				0249A66AFF388E3911CA2CEA,
			);
			isa = PBXFrameworksBuildPhase;
			runOnlyForDeploymentPostprocessing = 0;
		};
		20286C3CFDCF999611CA2CEA = {
			fileRef = 20286C33FDCF999611CA2CEA;
			isa = PBXBuildFile;
			settings = {
			};
		};
//200
//201
//202
//203
//204
//320
//321
//322
//323
//324
		32BAE0B00371A5F400C91783 = {
			fileEncoding = 4;
			isa = PBXFileReference;
			path = pyddr_Prefix.h;
			refType = 4;
		};
		32BAE0B10371A5F400C91783 = {
			fileRef = 32BAE0B00371A5F400C91783;
			isa = PBXBuildFile;
			settings = {
			};
		};
//320
//321
//322
//323
//324
//F40
//F41
//F42
//F43
//F44
		F49A1FA90431133300A5A4C8 = {
			children = (
				F4BEAAC2044252C400A5A4C8,
				F4BEAAC3044252C400A5A4C8,
				F4BEAAC4044252C400A5A4C8,
				F4BEAAC5044252C400A5A4C8,
				F4BEAAC6044252C400A5A4C8,
				F4BEAAC7044252C400A5A4C8,
				F4BEAACF044252C400A5A4C8,
				F4BEAAD0044252C400A5A4C8,
				F4BEAAD1044252C400A5A4C8,
				F4BEAAD2044252C400A5A4C8,
				F4BEAAD3044252C400A5A4C8,
				F4BEAAD4044252C400A5A4C8,
				F4BEAAD5044252C400A5A4C8,
				F4BEAAD6044252C400A5A4C8,
				F4BEAAD7044252C400A5A4C8,
				F4BEAAD8044252C400A5A4C8,
				F4BEAAE8044252C400A5A4C8,
				F4BEAAEE044252C400A5A4C8,
				F4BEAAFB044252C400A5A4C8,
				F4BEAAFC044252C400A5A4C8,
				F4BEAB07044252C400A5A4C8,
				F4BEABA7044252C500A5A4C8,
				F4BEABA8044252C500A5A4C8,
				F4BEABA9044252C500A5A4C8,
				F4BEABAA044252C500A5A4C8,
				F4BEABAB044252C500A5A4C8,
			);
			isa = PBXGroup;
			name = pyddr;
			refType = 4;
		};
		F4BEAAC2044252C400A5A4C8 = {
			isa = PBXExecutableFileReference;
			name = setup.py;
			path = /Users/dshadow/cvs/pyddr/setup.py;
			refType = 0;
		};
		F4BEAAC3044252C400A5A4C8 = {
			isa = PBXFileReference;
			name = constants.py;
			path = /Users/dshadow/cvs/pyddr/constants.py;
			refType = 0;
		};
		F4BEAAC4044252C400A5A4C8 = {
			fileEncoding = 30;
			isa = PBXFileReference;
			name = stepfile.txt;
			path = /Users/dshadow/cvs/pyddr/stepfile.txt;
			refType = 0;
		};
		F4BEAAC5044252C400A5A4C8 = {
			fileEncoding = 30;
			isa = PBXFileReference;
			name = pyddr.txt;
			path = /Users/dshadow/cvs/pyddr/pyddr.txt;
			refType = 0;
		};
		F4BEAAC6044252C400A5A4C8 = {
			fileEncoding = 30;
			isa = PBXFileReference;
			name = pyddr.win32.cfg;
			path = /Users/dshadow/cvs/pyddr/pyddr.win32.cfg;
			refType = 0;
		};
		F4BEAAC7044252C400A5A4C8 = {
			includeInIndex = 1;
			isa = PBXFolderReference;
			name = sound;
			path = /Users/dshadow/cvs/pyddr/sound;
			refType = 0;
		};
		F4BEAACF044252C400A5A4C8 = {
			isa = PBXFileReference;
			name = announcer.py;
			path = /Users/dshadow/cvs/pyddr/announcer.py;
			refType = 0;
		};
		F4BEAAD0044252C400A5A4C8 = {
			isa = PBXExecutableFileReference;
			name = dwi2step.py;
			path = /Users/dshadow/cvs/pyddr/dwi2step.py;
			refType = 0;
		};
		F4BEAAD1044252C400A5A4C8 = {
			fileEncoding = 30;
			isa = PBXFileReference;
			name = Makefile.posix;
			path = /Users/dshadow/cvs/pyddr/Makefile.posix;
			refType = 0;
		};
		F4BEAAD2044252C400A5A4C8 = {
			fileEncoding = 30;
			isa = PBXFileReference;
			name = LICENSE;
			path = /Users/dshadow/cvs/pyddr/LICENSE;
			refType = 0;
		};
		F4BEAAD3044252C400A5A4C8 = {
			fileEncoding = 30;
			isa = PBXFileReference;
			name = README;
			path = /Users/dshadow/cvs/pyddr/README;
			refType = 0;
		};
		F4BEAAD4044252C400A5A4C8 = {
			isa = PBXFileReference;
			name = input.py;
			path = /Users/dshadow/cvs/pyddr/input.py;
			refType = 0;
		};
		F4BEAAD5044252C400A5A4C8 = {
			fileEncoding = 30;
			isa = PBXFileReference;
			name = Makefile.general;
			path = /Users/dshadow/cvs/pyddr/Makefile.general;
			refType = 0;
		};
		F4BEAAD6044252C400A5A4C8 = {
			isa = PBXExecutableFileReference;
			name = pyddr.py;
			path = /Users/dshadow/cvs/pyddr/pyddr.py;
			refType = 0;
		};
		F4BEAAD7044252C400A5A4C8 = {
			fileEncoding = 30;
			isa = PBXFileReference;
			name = ChangeLog;
			path = /Users/dshadow/cvs/pyddr/ChangeLog;
			refType = 0;
		};
		F4BEAAD8044252C400A5A4C8 = {
			includeInIndex = 1;
			isa = PBXFolderReference;
			name = images;
			path = /Users/dshadow/cvs/pyddr/images;
			refType = 0;
		};
		F4BEAAE8044252C400A5A4C8 = {
			includeInIndex = 1;
			isa = PBXFolderReference;
			name = ddrmat;
			path = /Users/dshadow/cvs/pyddr/ddrmat;
			refType = 0;
		};
		F4BEAAEE044252C400A5A4C8 = {
			includeInIndex = 1;
			isa = PBXFolderReference;
			name = docs;
			path = /Users/dshadow/cvs/pyddr/docs;
			refType = 0;
		};
		F4BEAAFB044252C400A5A4C8 = {
			fileEncoding = 30;
			isa = PBXFileReference;
			name = INSTALL;
			path = /Users/dshadow/cvs/pyddr/INSTALL;
			refType = 0;
		};
		F4BEAAFC044252C400A5A4C8 = {
			includeInIndex = 1;
			isa = PBXFolderReference;
			name = utils;
			path = /Users/dshadow/cvs/pyddr/utils;
			refType = 0;
		};
		F4BEAB07044252C400A5A4C8 = {
			includeInIndex = 1;
			isa = PBXFolderReference;
			name = themes;
			path = /Users/dshadow/cvs/pyddr/themes;
			refType = 0;
		};
		F4BEABA7044252C500A5A4C8 = {
			isa = PBXFileReference;
			name = fontfx.py;
			path = /Users/dshadow/cvs/pyddr/fontfx.py;
			refType = 0;
		};
		F4BEABA8044252C500A5A4C8 = {
			fileEncoding = 30;
			isa = PBXFileReference;
			name = CREDITS;
			path = /Users/dshadow/cvs/pyddr/CREDITS;
			refType = 0;
		};
		F4BEABA9044252C500A5A4C8 = {
			isa = PBXFileReference;
			name = menus.py;
			path = /Users/dshadow/cvs/pyddr/menus.py;
			refType = 0;
		};
		F4BEABAA044252C500A5A4C8 = {
			isa = PBXFileReference;
			name = config.py;
			path = /Users/dshadow/cvs/pyddr/config.py;
			refType = 0;
		};
		F4BEABAB044252C500A5A4C8 = {
			fileEncoding = 30;
			isa = PBXFileReference;
			name = pyddr.posix.cfg;
			path = /Users/dshadow/cvs/pyddr/pyddr.posix.cfg;
			refType = 0;
		};
		F4BEABAC044252C500A5A4C8 = {
			fileRef = F4BEAAC2044252C400A5A4C8;
			isa = PBXBuildFile;
			settings = {
			};
		};
		F4BEABAD044252C500A5A4C8 = {
			fileRef = F4BEAAC3044252C400A5A4C8;
			isa = PBXBuildFile;
			settings = {
			};
		};
		F4BEABAE044252C500A5A4C8 = {
			fileRef = F4BEAAC4044252C400A5A4C8;
			isa = PBXBuildFile;
			settings = {
			};
		};
		F4BEABAF044252C500A5A4C8 = {
			fileRef = F4BEAAC5044252C400A5A4C8;
			isa = PBXBuildFile;
			settings = {
			};
		};
		F4BEABB0044252C500A5A4C8 = {
			fileRef = F4BEAAC6044252C400A5A4C8;
			isa = PBXBuildFile;
			settings = {
			};
		};
		F4BEABB1044252C500A5A4C8 = {
			fileRef = F4BEAAC7044252C400A5A4C8;
			isa = PBXBuildFile;
			settings = {
			};
		};
		F4BEABB2044252C500A5A4C8 = {
			fileRef = F4BEAACF044252C400A5A4C8;
			isa = PBXBuildFile;
			settings = {
			};
		};
		F4BEABB3044252C500A5A4C8 = {
			fileRef = F4BEAAD0044252C400A5A4C8;
			isa = PBXBuildFile;
			settings = {
			};
		};
		F4BEABB4044252C500A5A4C8 = {
			fileRef = F4BEAAD1044252C400A5A4C8;
			isa = PBXBuildFile;
			settings = {
			};
		};
		F4BEABB5044252C500A5A4C8 = {
			fileRef = F4BEAAD2044252C400A5A4C8;
			isa = PBXBuildFile;
			settings = {
			};
		};
		F4BEABB6044252C500A5A4C8 = {
			fileRef = F4BEAAD3044252C400A5A4C8;
			isa = PBXBuildFile;
			settings = {
			};
		};
		F4BEABB7044252C500A5A4C8 = {
			fileRef = F4BEAAD4044252C400A5A4C8;
			isa = PBXBuildFile;
			settings = {
			};
		};
		F4BEABB8044252C500A5A4C8 = {
			fileRef = F4BEAAD5044252C400A5A4C8;
			isa = PBXBuildFile;
			settings = {
			};
		};
		F4BEABB9044252C500A5A4C8 = {
			fileRef = F4BEAAD6044252C400A5A4C8;
			isa = PBXBuildFile;
			settings = {
			};
		};
		F4BEABBA044252C500A5A4C8 = {
			fileRef = F4BEAAD7044252C400A5A4C8;
			isa = PBXBuildFile;
			settings = {
			};
		};
		F4BEABBB044252C500A5A4C8 = {
			fileRef = F4BEAAD8044252C400A5A4C8;
			isa = PBXBuildFile;
			settings = {
			};
		};
		F4BEABBC044252C500A5A4C8 = {
			fileRef = F4BEAAE8044252C400A5A4C8;
			isa = PBXBuildFile;
			settings = {
			};
		};
		F4BEABBD044252C500A5A4C8 = {
			fileRef = F4BEAAEE044252C400A5A4C8;
			isa = PBXBuildFile;
			settings = {
			};
		};
		F4BEABBE044252C500A5A4C8 = {
			fileRef = F4BEAAFB044252C400A5A4C8;
			isa = PBXBuildFile;
			settings = {
			};
		};
		F4BEABBF044252C500A5A4C8 = {
			fileRef = F4BEAAFC044252C400A5A4C8;
			isa = PBXBuildFile;
			settings = {
			};
		};
		F4BEABC0044252C500A5A4C8 = {
			fileRef = F4BEAB07044252C400A5A4C8;
			isa = PBXBuildFile;
			settings = {
			};
		};
		F4BEABC1044252C500A5A4C8 = {
			fileRef = F4BEABA7044252C500A5A4C8;
			isa = PBXBuildFile;
			settings = {
			};
		};
		F4BEABC2044252C500A5A4C8 = {
			fileRef = F4BEABA8044252C500A5A4C8;
			isa = PBXBuildFile;
			settings = {
			};
		};
		F4BEABC3044252C500A5A4C8 = {
			fileRef = F4BEABA9044252C500A5A4C8;
			isa = PBXBuildFile;
			settings = {
			};
		};
		F4BEABC4044252C500A5A4C8 = {
			fileRef = F4BEABAA044252C500A5A4C8;
			isa = PBXBuildFile;
			settings = {
			};
		};
		F4BEABC5044252C500A5A4C8 = {
			fileRef = F4BEABAB044252C500A5A4C8;
			isa = PBXBuildFile;
			settings = {
			};
		};
	};
	rootObject = 20286C28FDCF999611CA2CEA;
}
